
Microsoft Visual Studio Solution File, Format Version 12.00
# Visual Studio Version 17
VisualStudioVersion = 17.0.31903.59
MinimumVisualStudioVersion = 10.0.40219.1
Project("{2150E333-8FDC-42A3-9474-1A3956D46DE8}") = "src", "src", "{827E0CD3-B72D-47B6-A68D-7590B98EB39B}"
EndProject
Project("{FAE04EC0-301F-11D3-BF4B-00C04F79EFBC}") = "DBH.Shared.Domain", "src\DBH.Shared.Domain\DBH.Shared.Domain.csproj", "{AA0913DD-D74F-48F9-87B1-D82514353A7C}"
EndProject
Project("{FAE04EC0-301F-11D3-BF4B-00C04F79EFBC}") = "DBH.Shared.Contracts", "src\DBH.Shared.Contracts\DBH.Shared.Contracts.csproj", "{0FD806FE-F8E9-4A91-AE8F-363F5A840ADC}"
EndProject
Project("{FAE04EC0-301F-11D3-BF4B-00C04F79EFBC}") = "DBH.Shared.Infrastructure", "src\DBH.Shared.Infrastructure\DBH.Shared.Infrastructure.csproj", "{6C994A26-6AA9-4403-B1AD-3BE10FFF7733}"
EndProject
Project("{FAE04EC0-301F-11D3-BF4B-00C04F79EFBC}") = "DBH.Auth.Service", "src\DBH.Auth.Service\DBH.Auth.Service.csproj", "{56D3DDBC-860F-4AB0-B91D-68A6CDAFB16D}"
EndProject
Project("{FAE04EC0-301F-11D3-BF4B-00C04F79EFBC}") = "DBH.EHR.Service", "src\DBH.EHR.Service\DBH.EHR.Service.csproj", "{96883572-14ED-4C43-ABDB-C16338749BF1}"
EndProject
Project("{FAE04EC0-301F-11D3-BF4B-00C04F79EFBC}") = "DBH.Gateway", "src\DBH.Gateway\DBH.Gateway.csproj", "{5B220C5D-7513-420F-B53F-6C9B2DC07EF6}"
EndProject
Global
	GlobalSection(SolutionConfigurationPlatforms) = preSolution
		Debug|Any CPU = Debug|Any CPU
		Debug|x64 = Debug|x64
		Debug|x86 = Debug|x86
		Release|Any CPU = Release|Any CPU
		Release|x64 = Release|x64
		Release|x86 = Release|x86
	EndGlobalSection
	GlobalSection(ProjectConfigurationPlatforms) = postSolution
		{AA0913DD-D74F-48F9-87B1-D82514353A7C}.Debug|Any CPU.ActiveCfg = Debug|Any CPU
		{AA0913DD-D74F-48F9-87B1-D82514353A7C}.Debug|Any CPU.Build.0 = Debug|Any CPU
		{AA0913DD-D74F-48F9-87B1-D82514353A7C}.Debug|x64.ActiveCfg = Debug|Any CPU
		{AA0913DD-D74F-48F9-87B1-D82514353A7C}.Debug|x64.Build.0 = Debug|Any CPU
		{AA0913DD-D74F-48F9-87B1-D82514353A7C}.Debug|x86.ActiveCfg = Debug|Any CPU
		{AA0913DD-D74F-48F9-87B1-D82514353A7C}.Debug|x86.Build.0 = Debug|Any CPU
		{AA0913DD-D74F-48F9-87B1-D82514353A7C}.Release|Any CPU.ActiveCfg = Release|Any CPU
		{AA0913DD-D74F-48F9-87B1-D82514353A7C}.Release|Any CPU.Build.0 = Release|Any CPU
		{AA0913DD-D74F-48F9-87B1-D82514353A7C}.Release|x64.ActiveCfg = Release|Any CPU
		{AA0913DD-D74F-48F9-87B1-D82514353A7C}.Release|x64.Build.0 = Release|Any CPU
		{AA0913DD-D74F-48F9-87B1-D82514353A7C}.Release|x86.ActiveCfg = Release|Any CPU
		{AA0913DD-D74F-48F9-87B1-D82514353A7C}.Release|x86.Build.0 = Release|Any CPU
		{0FD806FE-F8E9-4A91-AE8F-363F5A840ADC}.Debug|Any CPU.ActiveCfg = Debug|Any CPU
		{0FD806FE-F8E9-4A91-AE8F-363F5A840ADC}.Debug|Any CPU.Build.0 = Debug|Any CPU
		{0FD806FE-F8E9-4A91-AE8F-363F5A840ADC}.Debug|x64.ActiveCfg = Debug|Any CPU
		{0FD806FE-F8E9-4A91-AE8F-363F5A840ADC}.Debug|x64.Build.0 = Debug|Any CPU
		{0FD806FE-F8E9-4A91-AE8F-363F5A840ADC}.Debug|x86.ActiveCfg = Debug|Any CPU
		{0FD806FE-F8E9-4A91-AE8F-363F5A840ADC}.Debug|x86.Build.0 = Debug|Any CPU
		{0FD806FE-F8E9-4A91-AE8F-363F5A840ADC}.Release|Any CPU.ActiveCfg = Release|Any CPU
		{0FD806FE-F8E9-4A91-AE8F-363F5A840ADC}.Release|Any CPU.Build.0 = Release|Any CPU
		{0FD806FE-F8E9-4A91-AE8F-363F5A840ADC}.Release|x64.ActiveCfg = Release|Any CPU
		{0FD806FE-F8E9-4A91-AE8F-363F5A840ADC}.Release|x64.Build.0 = Release|Any CPU
		{0FD806FE-F8E9-4A91-AE8F-363F5A840ADC}.Release|x86.ActiveCfg = Release|Any CPU
		{0FD806FE-F8E9-4A91-AE8F-363F5A840ADC}.Release|x86.Build.0 = Release|Any CPU
		{6C994A26-6AA9-4403-B1AD-3BE10FFF7733}.Debug|Any CPU.ActiveCfg = Debug|Any CPU
		{6C994A26-6AA9-4403-B1AD-3BE10FFF7733}.Debug|Any CPU.Build.0 = Debug|Any CPU
		{6C994A26-6AA9-4403-B1AD-3BE10FFF7733}.Debug|x64.ActiveCfg = Debug|Any CPU
		{6C994A26-6AA9-4403-B1AD-3BE10FFF7733}.Debug|x64.Build.0 = Debug|Any CPU
		{6C994A26-6AA9-4403-B1AD-3BE10FFF7733}.Debug|x86.ActiveCfg = Debug|Any CPU
		{6C994A26-6AA9-4403-B1AD-3BE10FFF7733}.Debug|x86.Build.0 = Debug|Any CPU
		{6C994A26-6AA9-4403-B1AD-3BE10FFF7733}.Release|Any CPU.ActiveCfg = Release|Any CPU
		{6C994A26-6AA9-4403-B1AD-3BE10FFF7733}.Release|Any CPU.Build.0 = Release|Any CPU
		{6C994A26-6AA9-4403-B1AD-3BE10FFF7733}.Release|x64.ActiveCfg = Release|Any CPU
		{6C994A26-6AA9-4403-B1AD-3BE10FFF7733}.Release|x64.Build.0 = Release|Any CPU
		{6C994A26-6AA9-4403-B1AD-3BE10FFF7733}.Release|x86.ActiveCfg = Release|Any CPU
		{6C994A26-6AA9-4403-B1AD-3BE10FFF7733}.Release|x86.Build.0 = Release|Any CPU
		{56D3DDBC-860F-4AB0-B91D-68A6CDAFB16D}.Debug|Any CPU.ActiveCfg = Debug|Any CPU
		{56D3DDBC-860F-4AB0-B91D-68A6CDAFB16D}.Debug|Any CPU.Build.0 = Debug|Any CPU
		{56D3DDBC-860F-4AB0-B91D-68A6CDAFB16D}.Debug|x64.ActiveCfg = Debug|Any CPU
		{56D3DDBC-860F-4AB0-B91D-68A6CDAFB16D}.Debug|x64.Build.0 = Debug|Any CPU
		{56D3DDBC-860F-4AB0-B91D-68A6CDAFB16D}.Debug|x86.ActiveCfg = Debug|Any CPU
		{56D3DDBC-860F-4AB0-B91D-68A6CDAFB16D}.Debug|x86.Build.0 = Debug|Any CPU
		{56D3DDBC-860F-4AB0-B91D-68A6CDAFB16D}.Release|Any CPU.ActiveCfg = Release|Any CPU
		{56D3DDBC-860F-4AB0-B91D-68A6CDAFB16D}.Release|Any CPU.Build.0 = Release|Any CPU
		{56D3DDBC-860F-4AB0-B91D-68A6CDAFB16D}.Release|x64.ActiveCfg = Release|Any CPU
		{56D3DDBC-860F-4AB0-B91D-68A6CDAFB16D}.Release|x64.Build.0 = Release|Any CPU
		{56D3DDBC-860F-4AB0-B91D-68A6CDAFB16D}.Release|x86.ActiveCfg = Release|Any CPU
		{56D3DDBC-860F-4AB0-B91D-68A6CDAFB16D}.Release|x86.Build.0 = Release|Any CPU
		{96883572-14ED-4C43-ABDB-C16338749BF1}.Debug|Any CPU.ActiveCfg = Debug|Any CPU
		{96883572-14ED-4C43-ABDB-C16338749BF1}.Debug|Any CPU.Build.0 = Debug|Any CPU
		{96883572-14ED-4C43-ABDB-C16338749BF1}.Debug|x64.ActiveCfg = Debug|Any CPU
		{96883572-14ED-4C43-ABDB-C16338749BF1}.Debug|x64.Build.0 = Debug|Any CPU
		{96883572-14ED-4C43-ABDB-C16338749BF1}.Debug|x86.ActiveCfg = Debug|Any CPU
		{96883572-14ED-4C43-ABDB-C16338749BF1}.Debug|x86.Build.0 = Debug|Any CPU
		{96883572-14ED-4C43-ABDB-C16338749BF1}.Release|Any CPU.ActiveCfg = Release|Any CPU
		{96883572-14ED-4C43-ABDB-C16338749BF1}.Release|Any CPU.Build.0 = Release|Any CPU
		{96883572-14ED-4C43-ABDB-C16338749BF1}.Release|x64.ActiveCfg = Release|Any CPU
		{96883572-14ED-4C43-ABDB-C16338749BF1}.Release|x64.Build.0 = Release|Any CPU
		{96883572-14ED-4C43-ABDB-C16338749BF1}.Release|x86.ActiveCfg = Release|Any CPU
		{96883572-14ED-4C43-ABDB-C16338749BF1}.Release|x86.Build.0 = Release|Any CPU
		{5B220C5D-7513-420F-B53F-6C9B2DC07EF6}.Debug|Any CPU.ActiveCfg = Debug|Any CPU
		{5B220C5D-7513-420F-B53F-6C9B2DC07EF6}.Debug|Any CPU.Build.0 = Debug|Any CPU
		{5B220C5D-7513-420F-B53F-6C9B2DC07EF6}.Debug|x64.ActiveCfg = Debug|Any CPU
		{5B220C5D-7513-420F-B53F-6C9B2DC07EF6}.Debug|x64.Build.0 = Debug|Any CPU
		{5B220C5D-7513-420F-B53F-6C9B2DC07EF6}.Debug|x86.ActiveCfg = Debug|Any CPU
		{5B220C5D-7513-420F-B53F-6C9B2DC07EF6}.Debug|x86.Build.0 = Debug|Any CPU
		{5B220C5D-7513-420F-B53F-6C9B2DC07EF6}.Release|Any CPU.ActiveCfg = Release|Any CPU
		{5B220C5D-7513-420F-B53F-6C9B2DC07EF6}.Release|Any CPU.Build.0 = Release|Any CPU
		{5B220C5D-7513-420F-B53F-6C9B2DC07EF6}.Release|x64.ActiveCfg = Release|Any CPU
		{5B220C5D-7513-420F-B53F-6C9B2DC07EF6}.Release|x64.Build.0 = Release|Any CPU
		{5B220C5D-7513-420F-B53F-6C9B2DC07EF6}.Release|x86.ActiveCfg = Release|Any CPU
		{5B220C5D-7513-420F-B53F-6C9B2DC07EF6}.Release|x86.Build.0 = Release|Any CPU
	EndGlobalSection
	GlobalSection(SolutionProperties) = preSolution
		HideSolutionNode = FALSE
	EndGlobalSection
	GlobalSection(NestedProjects) = preSolution
		{AA0913DD-D74F-48F9-87B1-D82514353A7C} = {827E0CD3-B72D-47B6-A68D-7590B98EB39B}
		{0FD806FE-F8E9-4A91-AE8F-363F5A840ADC} = {827E0CD3-B72D-47B6-A68D-7590B98EB39B}
		{6C994A26-6AA9-4403-B1AD-3BE10FFF7733} = {827E0CD3-B72D-47B6-A68D-7590B98EB39B}
		{56D3DDBC-860F-4AB0-B91D-68A6CDAFB16D} = {827E0CD3-B72D-47B6-A68D-7590B98EB39B}
		{96883572-14ED-4C43-ABDB-C16338749BF1} = {827E0CD3-B72D-47B6-A68D-7590B98EB39B}
		{5B220C5D-7513-420F-B53F-6C9B2DC07EF6} = {827E0CD3-B72D-47B6-A68D-7590B98EB39B}
	EndGlobalSection
EndGlobal
