Microsoft Visual Studio Solution File, Format Version 12.00
# Visual Studio Version 17
VisualStudioVersion = 17.5.2.0
MinimumVisualStudioVersion = 10.0.40219.1
Project("{FAE04EC0-301F-11D3-BF4B-00C04F79EFBC}") = "IpfsClient", "IpfsClient\IpfsClient.csproj", "{FABFD84F-4507-BF1F-918B-2927A95A5156}"
EndProject
Global
	GlobalSection(SolutionConfigurationPlatforms) = preSolution
		Debug|Any CPU = Debug|Any CPU
		Release|Any CPU = Release|Any CPU
	EndGlobalSection
	GlobalSection(ProjectConfigurationPlatforms) = postSolution
		{FABFD84F-4507-BF1F-918B-2927A95A5156}.Debug|Any CPU.ActiveCfg = Debug|Any CPU
		{FABFD84F-4507-BF1F-918B-2927A95A5156}.Debug|Any CPU.Build.0 = Debug|Any CPU
		{FABFD84F-4507-BF1F-918B-2927A95A5156}.Release|Any CPU.ActiveCfg = Release|Any CPU
		{FABFD84F-4507-BF1F-918B-2927A95A5156}.Release|Any CPU.Build.0 = Release|Any CPU
	EndGlobalSection
	GlobalSection(SolutionProperties) = preSolution
		HideSolutionNode = FALSE
	EndGlobalSection
	GlobalSection(ExtensibilityGlobals) = postSolution
		SolutionGuid = {70DE7980-3731-451F-8178-CFCEBAF74BD6}
	EndGlobalSection
EndGlobal
